
Microsoft Visual Studio Solution File, Format Version 12.00
# Visual Studio Version 16
VisualStudioVersion = 16.0.30804.86
MinimumVisualStudioVersion = 10.0.40219.1
Project("{FAE04EC0-301F-11D3-BF4B-00C04F79EFBC}") = "PostProc", "PostProc.csproj", "{ABF61673-15EA-400F-B192-42F8D3E6D1D8}"
EndProject
Global
	GlobalSection(SolutionConfigurationPlatforms) = preSolution
		Debug|Any CPU = Debug|Any CPU
		Release|Any CPU = Release|Any CPU
	EndGlobalSection
	GlobalSection(ProjectConfigurationPlatforms) = postSolution
		{ABF61673-15EA-400F-B192-42F8D3E6D1D8}.Debug|Any CPU.ActiveCfg = Debug|Any CPU
		{ABF61673-15EA-400F-B192-42F8D3E6D1D8}.Debug|Any CPU.Build.0 = Debug|Any CPU
		{ABF61673-15EA-400F-B192-42F8D3E6D1D8}.Release|Any CPU.ActiveCfg = Release|Any CPU
		{ABF61673-15EA-400F-B192-42F8D3E6D1D8}.Release|Any CPU.Build.0 = Release|Any CPU
	EndGlobalSection
	GlobalSection(SolutionProperties) = preSolution
		HideSolutionNode = FALSE
	EndGlobalSection
	GlobalSection(ExtensibilityGlobals) = postSolution
		SolutionGuid = {D0D67739-5360-45E4-BE50-A6E42923B5CF}
	EndGlobalSection
EndGlobal
